Microsoft Visual Studio Solution File, Format Version 12.00
# Visual Studio Version 17
Project("{9A19103F-16F7-4668-BE54-9A1E7A4F7556}") = "Crustacean", "src\Crustacean\Crustacean.csproj", "{1B2C3D4E-0000-4000-8000-000000000001}"
EndProject
Project("{9A19103F-16F7-4668-BE54-9A1E7A4F7556}") = "Crustacean.Tests", "tests\Crustacean.Tests\Crustacean.Tests.csproj", "{1B2C3D4E-0000-4000-8000-000000000002}"
EndProject
Project("{9A19103F-16F7-4668-BE54-9A1E7A4F7556}") = "Crustacean.Benchmarks", "benchmarks\Crustacean.Benchmarks\Crustacean.Benchmarks.csproj", "{1B2C3D4E-0000-4000-8000-000000000003}"
EndProject
Global
	GlobalSection(SolutionConfigurationPlatforms) = preSolution
		Debug|Any CPU = Debug|Any CPU
		Release|Any CPU = Release|Any CPU
	EndGlobalSection
EndGlobal
